<?xml version="1.0" encoding="utf-8"?>
<Project ToolsVersion="4.0" xmlns="http://schemas.microsoft.com/developer/msbuild/2003">
  <ItemGroup>
    <ClCompile Include="AlphaMappedBrush.cpp">
      <Filter>Sources Files</Filter>
    </ClCompile>
    <ClCompile Include="Bitmap.cpp">
      <Filter>Sources Files</Filter>
    </ClCompile>
    <ClCompile Include="CircleBrush.cpp">
      <Filter>Sources Files</Filter>
    </ClCompile>
    <ClCompile Include="CircleStarBrush.cpp">
      <Filter>Sources Files</Filter>
    </ClCompile>
    <ClCompile Include="ConvolutionWindow.cpp">
      <Filter>Sources Files</Filter>
    </ClCompile>
    <ClCompile Include="HeartBrush.cpp">
      <Filter>Sources Files</Filter>
    </ClCompile>
    <ClCompile Include="ImpBrush.cpp">
      <Filter>Sources Files</Filter>
    </ClCompile>
    <ClCompile Include="Impressionist.cpp">
      <Filter>Sources Files</Filter>
    </ClCompile>
    <ClCompile Include="ImpressionistDoc.cpp">
      <Filter>Sources Files</Filter>
    </ClCompile>
    <ClCompile Include="ImpressionistUI.cpp">
      <Filter>Sources Files</Filter>
    </ClCompile>
    <ClCompile Include="LineBrush.cpp">
      <Filter>Sources Files</Filter>
    </ClCompile>
    <ClCompile Include="loadpng.cpp">
      <Filter>Sources Files</Filter>
    </ClCompile>
    <ClCompile Include="LuminanceBrush.cpp">
      <Filter>Sources Files</Filter>
    </ClCompile>
    <ClCompile Include="OriginalView.cpp">
      <Filter>Sources Files</Filter>
    </ClCompile>
    <ClCompile Include="PaintView.cpp">
      <Filter>Sources Files</Filter>
    </ClCompile>
    <ClCompile Include="PointBrush.cpp">
      <Filter>Sources Files</Filter>
    </ClCompile>
    <ClCompile Include="RightClickDirectionLine.cpp">
      <Filter>Sources Files</Filter>
    </ClCompile>
    <ClCompile Include="ScatteredCircleBrush.cpp">
      <Filter>Sources Files</Filter>
    </ClCompile>
    <ClCompile Include="ScatteredLineBrush.cpp">
      <Filter>Sources Files</Filter>
    </ClCompile>
    <ClCompile Include="ScatteredPointBrush.cpp">
      <Filter>Sources Files</Filter>
    </ClCompile>
    <ClCompile Include="TriangleAngle.cpp">
      <Filter>Sources Files</Filter>
    </ClCompile>
    <ClCompile Include="EmbossBrush.cpp">
      <Filter>Sources Files</Filter>
    </ClCompile>
    <ClCompile Include="WithoutConvBlurBrush.cpp">
      <Filter>Sources Files</Filter>
    </ClCompile>
    <ClCompile Include="GaussianBlurBrush.cpp">
      <Filter>Sources Files</Filter>
    </ClCompile>
    <ClCompile Include="MotionBlurBrush.cpp">
      <Filter>Sources Files</Filter>
    </ClCompile>
    <ClCompile Include="SharpenBrush.cpp">
      <Filter>Sources Files</Filter>
    </ClCompile>
  </ItemGroup>
  <ItemGroup>
    <ClInclude Include="AlphaMappedBrush.h">
      <Filter>Header Files</Filter>
    </ClInclude>
    <ClInclude Include="bitmap.h">
      <Filter>Header Files</Filter>
    </ClInclude>
    <ClInclude Include="CircleBrush.h">
      <Filter>Header Files</Filter>
    </ClInclude>
    <ClInclude Include="CircleStarBrush.h">
      <Filter>Header Files</Filter>
    </ClInclude>
    <ClInclude Include="ConvolutionWindow.h">
      <Filter>Header Files</Filter>
    </ClInclude>
    <ClInclude Include="HeartBrush.h">
      <Filter>Header Files</Filter>
    </ClInclude>
    <ClInclude Include="ImpBrush.h">
      <Filter>Header Files</Filter>
    </ClInclude>
    <ClInclude Include="impressionist.h">
      <Filter>Header Files</Filter>
    </ClInclude>
    <ClInclude Include="impressionistDoc.h">
      <Filter>Header Files</Filter>
    </ClInclude>
    <ClInclude Include="impressionistUI.h">
      <Filter>Header Files</Filter>
    </ClInclude>
    <ClInclude Include="LineBrush.h">
      <Filter>Header Files</Filter>
    </ClInclude>
    <ClInclude Include="loadpng.h">
      <Filter>Header Files</Filter>
    </ClInclude>
    <ClInclude Include="LuminanceBrush.h">
      <Filter>Header Files</Filter>
    </ClInclude>
    <ClInclude Include="OriginalView.h">
      <Filter>Header Files</Filter>
    </ClInclude>
    <ClInclude Include="PaintView.h">
      <Filter>Header Files</Filter>
    </ClInclude>
    <ClInclude Include="PointBrush.h">
      <Filter>Header Files</Filter>
    </ClInclude>
    <ClInclude Include="RightClickDirectionLine.h">
      <Filter>Header Files</Filter>
    </ClInclude>
    <ClInclude Include="ScatteredCircleBrush.h">
      <Filter>Header Files</Filter>
    </ClInclude>
    <ClInclude Include="ScatteredLineBrush.h">
      <Filter>Header Files</Filter>
    </ClInclude>
    <ClInclude Include="ScatteredPointBrush.h">
      <Filter>Header Files</Filter>
    </ClInclude>
    <ClInclude Include="TriangleBrush.h">
      <Filter>Header Files</Filter>
    </ClInclude>
    <ClInclude Include="EmbossBrush.h">
      <Filter>Header Files</Filter>
    </ClInclude>
    <ClInclude Include="WithoutConvBlurBrush.h">
      <Filter>Header Files</Filter>
    </ClInclude>
    <ClInclude Include="GaussianBlurBrush.h">
      <Filter>Header Files</Filter>
    </ClInclude>
    <ClInclude Include="MotionBlurBrush.h">
      <Filter>Header Files</Filter>
    </ClInclude>
    <ClInclude Include="SharpenBrush.h">
      <Filter>Header Files</Filter>
    </ClInclude>
  </ItemGroup>
  <ItemGroup>
    <Filter Include="Header Files">
      <UniqueIdentifier>{e0c3ad43-351e-487b-82a4-fdca7bff9531}</UniqueIdentifier>
    </Filter>
    <Filter Include="Sources Files">
      <UniqueIdentifier>{03829225-18bc-4a5d-84fc-bc2d550b867d}</UniqueIdentifier>
    </Filter>
  </ItemGroup>
</Project>